
Microsoft Visual Studio Solution File, Format Version 11.00
# Visual Studio 2010
Project("{8BC9CEB8-8B4A-11D0-8D11-00A0C91BC942}") = "ggs_ddu", "ggs_ddu\ggs_ddu.vcxproj", "{4F40A781-81D9-4B82-80D2-FB214DF9371E}"
EndProject
Global
	GlobalSection(SolutionConfigurationPlatforms) = preSolution
		Debug|Win32 = Debug|Win32
		Release|Win32 = Release|Win32
	EndGlobalSection
	GlobalSection(ProjectConfigurationPlatforms) = postSolution
		{4F40A781-81D9-4B82-80D2-FB214DF9371E}.Debug|Win32.ActiveCfg = Debug|Win32
		{4F40A781-81D9-4B82-80D2-FB214DF9371E}.Debug|Win32.Build.0 = Debug|Win32
		{4F40A781-81D9-4B82-80D2-FB214DF9371E}.Release|Win32.ActiveCfg = Release|Win32
		{4F40A781-81D9-4B82-80D2-FB214DF9371E}.Release|Win32.Build.0 = Release|Win32
	EndGlobalSection
	GlobalSection(SolutionProperties) = preSolution
		HideSolutionNode = FALSE
	EndGlobalSection
EndGlobal
